PODS:
  - CogsSDK (0.1.0):
    - CryptoSwift
    - Starscream (~> 2.0.3)
  - CryptoSwift (0.6.7)
  - Nimble (6.0.1)
  - Quick (1.1.0)
  - Starscream (2.0.3)

DEPENDENCIES:
  - CogsSDK (from `../`)
  - Nimble (~> 6.0.1)
  - Quick (~> 1.1.0)

EXTERNAL SOURCES:
  CogsSDK:
    :path: "../"

SPEC CHECKSUMS:
  CogsSDK: 5c7aaaa9fd891740063214ec5437736068494232
  CryptoSwift: 685ae257941e5447474348a2b545583e1a16b573
  Nimble: 1527fd1bd2b4cf0636251a36bc8ab37e81da8347
  Quick: dafc587e21eed9f4cab3249b9f9015b0b7a7f71d
  Starscream: 3fdd5c277e57cca6b5c406d274e3f34a7c88f2ce

PODFILE CHECKSUM: '06930eb8bc915c397f3ff29ee2074b109c3465be'

COCOAPODS: 1.2.0
